lockfileVersion: '9.0'

settings:
  autoInstallPeers: true
  excludeLinksFromLockfile: false

importers:

  .:
    dependencies:
      egoroof-blowfish:
        specifier: 4.0.3
        version: 4.0.3

packages:

  egoroof-blowfish@4.0.3:
    resolution: {integrity: sha512-aoiyyD89KSkS/WnIKp83AtYyKWWa6yF13nbTLCTZdL/DZiP2QF70pBNJxynobzh3JnYhTIAAiMgfDW+4XM4JGw==}

snapshots:

  egoroof-blowfish@4.0.3: {}
